{
  "name": "musictools",
  "version": "1.0.0",
  "lockfileVersion": 1,
  "requires": true,
  "dependencies": {
    "pendulum": {
      "version": "0.0.1",
      "resolved": "https://registry.npmjs.org/pendulum/-/pendulum-0.0.1.tgz",
      "integrity": "sha1-cuxZASylxH02pU2Vk7tClh+EHo4="
    }
  }
}
